
Microsoft Visual Studio Solution File, Format Version 12.00
# Visual Studio 15
VisualStudioVersion = 15.0.27703.2018
MinimumVisualStudioVersion = 10.0.40219.1
Project("{FAE04EC0-301F-11D3-BF4B-00C04F79EFBC}") = "DATOS", "DATOS\DATOS.csproj", "{6660DDE2-D73A-469A-A5E0-D9DD5C11069A}"
EndProject
Project("{FAE04EC0-301F-11D3-BF4B-00C04F79EFBC}") = "NEGOCIO", "NEGOCIO\NEGOCIO.csproj", "{D7148253-9E29-4B05-B56E-7A9BE633917F}"
EndProject
Project("{FAE04EC0-301F-11D3-BF4B-00C04F79EFBC}") = "PRESENTACION", "PRESENTACION\PRESENTACION.csproj", "{B38B76E9-5E01-4DBB-B7DF-19A619DC71F6}"
EndProject
Global
	GlobalSection(SolutionConfigurationPlatforms) = preSolution
		Debug|Any CPU = Debug|Any CPU
		Release|Any CPU = Release|Any CPU
	EndGlobalSection
	GlobalSection(ProjectConfigurationPlatforms) = postSolution
		{6660DDE2-D73A-469A-A5E0-D9DD5C11069A}.Debug|Any CPU.ActiveCfg = Debug|Any CPU
		{6660DDE2-D73A-469A-A5E0-D9DD5C11069A}.Debug|Any CPU.Build.0 = Debug|Any CPU
		{6660DDE2-D73A-469A-A5E0-D9DD5C11069A}.Release|Any CPU.ActiveCfg = Release|Any CPU
		{6660DDE2-D73A-469A-A5E0-D9DD5C11069A}.Release|Any CPU.Build.0 = Release|Any CPU
		{D7148253-9E29-4B05-B56E-7A9BE633917F}.Debug|Any CPU.ActiveCfg = Debug|Any CPU
		{D7148253-9E29-4B05-B56E-7A9BE633917F}.Debug|Any CPU.Build.0 = Debug|Any CPU
		{D7148253-9E29-4B05-B56E-7A9BE633917F}.Release|Any CPU.ActiveCfg = Release|Any CPU
		{D7148253-9E29-4B05-B56E-7A9BE633917F}.Release|Any CPU.Build.0 = Release|Any CPU
		{B38B76E9-5E01-4DBB-B7DF-19A619DC71F6}.Debug|Any CPU.ActiveCfg = Debug|Any CPU
		{B38B76E9-5E01-4DBB-B7DF-19A619DC71F6}.Debug|Any CPU.Build.0 = Debug|Any CPU
		{B38B76E9-5E01-4DBB-B7DF-19A619DC71F6}.Release|Any CPU.ActiveCfg = Release|Any CPU
		{B38B76E9-5E01-4DBB-B7DF-19A619DC71F6}.Release|Any CPU.Build.0 = Release|Any CPU
	EndGlobalSection
	GlobalSection(SolutionProperties) = preSolution
		HideSolutionNode = FALSE
	EndGlobalSection
	GlobalSection(ExtensibilityGlobals) = postSolution
		SolutionGuid = {8522602C-E547-4BEB-9555-1574D433C21F}
	EndGlobalSection
EndGlobal
